
Microsoft Visual Studio Solution File, Format Version 12.00
Project("{FAE04EC0-301F-11D3-BF4B-00C04F79EFBC}") = "LS22-Launcher", "LS22-Launcher\LS22-Launcher.csproj", "{FD74689B-813C-41A6-8C60-C17CB7EF7E5D}"
EndProject
Global
	GlobalSection(SolutionConfigurationPlatforms) = preSolution
		Debug|Any CPU = Debug|Any CPU
		Release|Any CPU = Release|Any CPU
	EndGlobalSection
	GlobalSection(ProjectConfigurationPlatforms) = postSolution
		{FD74689B-813C-41A6-8C60-C17CB7EF7E5D}.Debug|Any CPU.ActiveCfg = Debug|Any CPU
		{FD74689B-813C-41A6-8C60-C17CB7EF7E5D}.Debug|Any CPU.Build.0 = Debug|Any CPU
		{FD74689B-813C-41A6-8C60-C17CB7EF7E5D}.Release|Any CPU.ActiveCfg = Release|Any CPU
		{FD74689B-813C-41A6-8C60-C17CB7EF7E5D}.Release|Any CPU.Build.0 = Release|Any CPU
	EndGlobalSection
EndGlobal
